
Microsoft Visual Studio Solution File, Format Version 12.00
# Visual Studio Version 17
VisualStudioVersion = 17.6.33723.286
MinimumVisualStudioVersion = 10.0.40219.1
Project("{FAE04EC0-301F-11D3-BF4B-00C04F79EFBC}") = "Base64 string decoder", "Base64 string decoder\Base64 string decoder.csproj", "{E18651C9-C55B-4250-8312-B63B7B5E132D}"
EndProject
Global
	GlobalSection(SolutionConfigurationPlatforms) = preSolution
		Debug|Any CPU = Debug|Any CPU
		Release|Any CPU = Release|Any CPU
	EndGlobalSection
	GlobalSection(ProjectConfigurationPlatforms) = postSolution
		{E18651C9-C55B-4250-8312-B63B7B5E132D}.Debug|Any CPU.ActiveCfg = Debug|Any CPU
		{E18651C9-C55B-4250-8312-B63B7B5E132D}.Debug|Any CPU.Build.0 = Debug|Any CPU
		{E18651C9-C55B-4250-8312-B63B7B5E132D}.Release|Any CPU.ActiveCfg = Release|Any CPU
		{E18651C9-C55B-4250-8312-B63B7B5E132D}.Release|Any CPU.Build.0 = Release|Any CPU
	EndGlobalSection
	GlobalSection(SolutionProperties) = preSolution
		HideSolutionNode = FALSE
	EndGlobalSection
	GlobalSection(ExtensibilityGlobals) = postSolution
		SolutionGuid = {03E89FAE-5D7F-4A12-846F-A9B89A3D0954}
	EndGlobalSection
EndGlobal
